// !$*UTF8*$!
{
	archiveVersion = 1;
	classes = {
	};
	objectVersion = 55;
	objects = {

/* Begin PBXBuildFile section */
		073CA5CB2861EC3C00B6964C /* IOS_BankautomatApp.swift in Sources */ = {isa = PBXBuildFile; fileRef = 073CA5CA2861EC3C00B6964C /* IOS_BankautomatApp.swift */; };
		073CA5DA2861EF0B00B6964C /* Einzahlung.swift in Sources */ = {isa = PBXBuildFile; fileRef = 073CA5D82861EF0B00B6964C /* Einzahlung.swift */; };
		073CA5DB2861EF0B00B6964C /* Auszahlung.swift in Sources */ = {isa = PBXBuildFile; fileRef = 073CA5D92861EF0B00B6964C /* Auszahlung.swift */; };
		073CA5DD2861EF5D00B6964C /* PinAendern.swift in Sources */ = {isa = PBXBuildFile; fileRef = 073CA5DC2861EF5D00B6964C /* PinAendern.swift */; };
		073CA5DF2861EF7C00B6964C /* Ueberweisung.swift in Sources */ = {isa = PBXBuildFile; fileRef = 073CA5DE2861EF7C00B6964C /* Ueberweisung.swift */; };
		073CA5E12861EF8900B6964C /* Kontostand.swift in Sources */ = {isa = PBXBuildFile; fileRef = 073CA5E02861EF8900B6964C /* Kontostand.swift */; };
		073CA5E32861EF9900B6964C /* KontoAuszug.swift in Sources */ = {isa = PBXBuildFile; fileRef = 073CA5E22861EF9900B6964C /* KontoAuszug.swift */; };
		073CA5E52861EFA700B6964C /* PinAbfrage.swift in Sources */ = {isa = PBXBuildFile; fileRef = 073CA5E42861EFA700B6964C /* PinAbfrage.swift */; };
		07987D702865DDB000F066DE /* KontoErstellen.swift in Sources */ = {isa = PBXBuildFile; fileRef = 07987D6F2865DDB000F066DE /* KontoErstellen.swift */; };
		07987D742865DF7A00F066DE /* KontoLoeschen.swift in Sources */ = {isa = PBXBuildFile; fileRef = 07987D732865DF7A00F066DE /* KontoLoeschen.swift */; };
		5F2BFE83285B568400952C7E /* ContentView.swift in Sources */ = {isa = PBXBuildFile; fileRef = 5F2BFE82285B568400952C7E /* ContentView.swift */; };
		5F2BFE85285B568600952C7E /* Assets.xcassets in Resources */ = {isa = PBXBuildFile; fileRef = 5F2BFE84285B568600952C7E /* Assets.xcassets */; };
		5F2BFE88285B568600952C7E /* Preview Assets.xcassets in Resources */ = {isa = PBXBuildFile; fileRef = 5F2BFE87285B568600952C7E /* Preview Assets.xcassets */; };
		5F2BFE8A285B568600952C7E /* Persistence.swift in Sources */ = {isa = PBXBuildFile; fileRef = 5F2BFE89285B568600952C7E /* Persistence.swift */; };
		5F2BFE8D285B568600952C7E /* IOS_Bankautomat.xcdatamodeld in Sources */ = {isa = PBXBuildFile; fileRef = 5F2BFE8B285B568600952C7E /* IOS_Bankautomat.xcdatamodeld */; };
		5FC5FF842864961F00EF7DBC /* NumPad.swift in Sources */ = {isa = PBXBuildFile; fileRef = 5FC5FF832864961F00EF7DBC /* NumPad.swift */; };
/* End PBXBuildFile section */

/* Begin PBXFileReference section */
		073CA5CA2861EC3C00B6964C /* IOS_BankautomatApp.swift */ = {isa = PBXFileReference; lastKnownFileType = sourcecode.swift; path = IOS_BankautomatApp.swift; sourceTree = "<group>"; };
		073CA5D82861EF0B00B6964C /* Einzahlung.swift */ = {isa = PBXFileReference; lastKnownFileType = sourcecode.swift; path = Einzahlung.swift; sourceTree = "<group>"; };
		073CA5D92861EF0B00B6964C /* Auszahlung.swift */ = {isa = PBXFileReference; lastKnownFileType = sourcecode.swift; path = Auszahlung.swift; sourceTree = "<group>"; };
		073CA5DC2861EF5D00B6964C /* PinAendern.swift */ = {isa = PBXFileReference; lastKnownFileType = sourcecode.swift; path = PinAendern.swift; sourceTree = "<group>"; };
		073CA5DE2861EF7C00B6964C /* Ueberweisung.swift */ = {isa = PBXFileReference; lastKnownFileType = sourcecode.swift; path = Ueberweisung.swift; sourceTree = "<group>"; };
		073CA5E02861EF8900B6964C /* Kontostand.swift */ = {isa = PBXFileReference; lastKnownFileType = sourcecode.swift; path = Kontostand.swift; sourceTree = "<group>"; };
		073CA5E22861EF9900B6964C /* KontoAuszug.swift */ = {isa = PBXFileReference; lastKnownFileType = sourcecode.swift; path = KontoAuszug.swift; sourceTree = "<group>"; };
		073CA5E42861EFA700B6964C /* PinAbfrage.swift */ = {isa = PBXFileReference; lastKnownFileType = sourcecode.swift; path = PinAbfrage.swift; sourceTree = "<group>"; };
		07987D6F2865DDB000F066DE /* KontoErstellen.swift */ = {isa = PBXFileReference; lastKnownFileType = sourcecode.swift; path = KontoErstellen.swift; sourceTree = "<group>"; };
		07987D732865DF7A00F066DE /* KontoLoeschen.swift */ = {isa = PBXFileReference; lastKnownFileType = sourcecode.swift; path = KontoLoeschen.swift; sourceTree = "<group>"; };
		5F2BFE7D285B568400952C7E /* IOS_Bankautomat.app */ = {isa = PBXFileReference; explicitFileType = wrapper.application; includeInIndex = 0; path = IOS_Bankautomat.app; sourceTree = BUILT_PRODUCTS_DIR; };
		5F2BFE82285B568400952C7E /* ContentView.swift */ = {isa = PBXFileReference; lastKnownFileType = sourcecode.swift; path = ContentView.swift; sourceTree = "<group>"; };
		5F2BFE84285B568600952C7E /* Assets.xcassets */ = {isa = PBXFileReference; lastKnownFileType = folder.assetcatalog; path = Assets.xcassets; sourceTree = "<group>"; };
		5F2BFE87285B568600952C7E /* Preview Assets.xcassets */ = {isa = PBXFileReference; lastKnownFileType = folder.assetcatalog; path = "Preview Assets.xcassets"; sourceTree = "<group>"; };
		5F2BFE89285B568600952C7E /* Persistence.swift */ = {isa = PBXFileReference; lastKnownFileType = sourcecode.swift; path = Persistence.swift; sourceTree = "<group>"; };
		5F2BFE8C285B568600952C7E /* IOS_Bankautomat.xcdatamodel */ = {isa = PBXFileReference; lastKnownFileType = wrapper.xcdatamodel; path = IOS_Bankautomat.xcdatamodel; sourceTree = "<group>"; };
		5FC5FF832864961F00EF7DBC /* NumPad.swift */ = {isa = PBXFileReference; lastKnownFileType = sourcecode.swift; path = NumPad.swift; sourceTree = "<group>"; };
/* End PBXFileReference section */

/* Begin PBXFrameworksBuildPhase section */
		5F2BFE7A285B568400952C7E /* Frameworks */ = {
			isa = PBXFrameworksBuildPhase;
			buildActionMask = 2147483647;
			files = (
			);
			runOnlyForDeploymentPostprocessing = 0;
		};
/* End PBXFrameworksBuildPhase section */

/* Begin PBXGroup section */
		073CA5E82861F21B00B6964C /* View */ = {
			isa = PBXGroup;
			children = (
				073CA5DC2861EF5D00B6964C /* PinAendern.swift */,
				073CA5D92861EF0B00B6964C /* Auszahlung.swift */,
				073CA5D82861EF0B00B6964C /* Einzahlung.swift */,
				073CA5DE2861EF7C00B6964C /* Ueberweisung.swift */,
				073CA5E02861EF8900B6964C /* Kontostand.swift */,
				073CA5E22861EF9900B6964C /* KontoAuszug.swift */,
				073CA5E42861EFA700B6964C /* PinAbfrage.swift */,
				5FC5FF832864961F00EF7DBC /* NumPad.swift */,
				07987D6F2865DDB000F066DE /* KontoErstellen.swift */,
				07987D732865DF7A00F066DE /* KontoLoeschen.swift */,
			);
			path = View;
			sourceTree = "<group>";
		};
		5F2BFE74285B568400952C7E = {
			isa = PBXGroup;
			children = (
				5F2BFE7F285B568400952C7E /* IOS_Bankautomat */,
				5F2BFE7E285B568400952C7E /* Products */,
			);
			sourceTree = "<group>";
		};
		5F2BFE7E285B568400952C7E /* Products */ = {
			isa = PBXGroup;
			children = (
				5F2BFE7D285B568400952C7E /* IOS_Bankautomat.app */,
			);
			name = Products;
			sourceTree = "<group>";
		};
		5F2BFE7F285B568400952C7E /* IOS_Bankautomat */ = {
			isa = PBXGroup;
			children = (
				073CA5CA2861EC3C00B6964C /* IOS_BankautomatApp.swift */,
				5F2BFE82285B568400952C7E /* ContentView.swift */,
				5F2BFE84285B568600952C7E /* Assets.xcassets */,
				5F2BFE89285B568600952C7E /* Persistence.swift */,
				5F2BFE8B285B568600952C7E /* IOS_Bankautomat.xcdatamodeld */,
				073CA5E82861F21B00B6964C /* View */,
				5F2BFE86285B568600952C7E /* Preview Content */,
			);
			path = IOS_Bankautomat;
			sourceTree = "<group>";
		};
		5F2BFE86285B568600952C7E /* Preview Content */ = {
			isa = PBXGroup;
			children = (
				5F2BFE87285B568600952C7E /* Preview Assets.xcassets */,
			);
			path = "Preview Content";
			sourceTree = "<group>";
		};
/* End PBXGroup section */

/* Begin PBXNativeTarget section */
		5F2BFE7C285B568400952C7E /* IOS_Bankautomat */ = {
			isa = PBXNativeTarget;
			buildConfigurationList = 5F2BFE90285B568600952C7E /* Build configuration list for PBXNativeTarget "IOS_Bankautomat" */;
			buildPhases = (
				5F2BFE79285B568400952C7E /* Sources */,
				5F2BFE7A285B568400952C7E /* Frameworks */,
				5F2BFE7B285B568400952C7E /* Resources */,
			);
			buildRules = (
			);
			dependencies = (
			);
			name = IOS_Bankautomat;
			productName = IOS_Bankautomat;
			productReference = 5F2BFE7D285B568400952C7E /* IOS_Bankautomat.app */;
			productType = "com.apple.product-type.application";
		};
/* End PBXNativeTarget section */

/* Begin PBXProject section */
		5F2BFE75285B568400952C7E /* Project object */ = {
			isa = PBXProject;
			attributes = {
				BuildIndependentTargetsInParallel = 1;
				LastSwiftUpdateCheck = 1330;
				LastUpgradeCheck = 1330;
				TargetAttributes = {
					5F2BFE7C285B568400952C7E = {
						CreatedOnToolsVersion = 13.3.1;
					};
				};
			};
			buildConfigurationList = 5F2BFE78285B568400952C7E /* Build configuration list for PBXProject "IOS_Bankautomat" */;
			compatibilityVersion = "Xcode 13.0";
			developmentRegion = en;
			hasScannedForEncodings = 0;
			knownRegions = (
				en,
				Base,
			);
			mainGroup = 5F2BFE74285B568400952C7E;
			productRefGroup = 5F2BFE7E285B568400952C7E /* Products */;
			projectDirPath = "";
			projectRoot = "";
			targets = (
				5F2BFE7C285B568400952C7E /* IOS_Bankautomat */,
			);
		};
/* End PBXProject section */

/* Begin PBXResourcesBuildPhase section */
		5F2BFE7B285B568400952C7E /* Resources */ = {
			isa = PBXResourcesBuildPhase;
			buildActionMask = 2147483647;
			files = (
				5F2BFE88285B568600952C7E /* Preview Assets.xcassets in Resources */,
				5F2BFE85285B568600952C7E /* Assets.xcassets in Resources */,
			);
			runOnlyForDeploymentPostprocessing = 0;
		};
/* End PBXResourcesBuildPhase section */

/* Begin PBXSourcesBuildPhase section */
		5F2BFE79285B568400952C7E /* Sources */ = {
			isa = PBXSourcesBuildPhase;
			buildActionMask = 2147483647;
			files = (
				5FC5FF842864961F00EF7DBC /* NumPad.swift in Sources */,
				5F2BFE8A285B568600952C7E /* Persistence.swift in Sources */,
				07987D702865DDB000F066DE /* KontoErstellen.swift in Sources */,
				073CA5DA2861EF0B00B6964C /* Einzahlung.swift in Sources */,
				073CA5DF2861EF7C00B6964C /* Ueberweisung.swift in Sources */,
				073CA5E12861EF8900B6964C /* Kontostand.swift in Sources */,
				5F2BFE8D285B568600952C7E /* IOS_Bankautomat.xcdatamodeld in Sources */,
				5F2BFE83285B568400952C7E /* ContentView.swift in Sources */,
				073CA5DD2861EF5D00B6964C /* PinAendern.swift in Sources */,
				073CA5E52861EFA700B6964C /* PinAbfrage.swift in Sources */,
				07987D742865DF7A00F066DE /* KontoLoeschen.swift in Sources */,
				073CA5CB2861EC3C00B6964C /* IOS_BankautomatApp.swift in Sources */,
				073CA5E32861EF9900B6964C /* KontoAuszug.swift in Sources */,
				073CA5DB2861EF0B00B6964C /* Auszahlung.swift in Sources */,
			);
			runOnlyForDeploymentPostprocessing = 0;
		};
/* End PBXSourcesBuildPhase section */

/* Begin XCBuildConfiguration section */
		5F2BFE8E285B568600952C7E /* Debug */ = {
			isa = XCBuildConfiguration;
			buildSettings = {
				ALWAYS_SEARCH_USER_PATHS = NO;
				CLANG_ANALYZER_NONNULL = YES;
				CLANG_ANALYZER_NUMBER_OBJECT_CONVERSION = YES_AGGRESSIVE;
				CLANG_CXX_LANGUAGE_STANDARD = "gnu++17";
				CLANG_ENABLE_MODULES = YES;
				CLANG_ENABLE_OBJC_ARC = YES;
				CLANG_ENABLE_OBJC_WEAK = YES;
				CLANG_WARN_BLOCK_CAPTURE_AUTORELEASING = YES;
				CLANG_WARN_BOOL_CONVERSION = YES;
				CLANG_WARN_COMMA = YES;
				CLANG_WARN_CONSTANT_CONVERSION = YES;
				CLANG_WARN_DEPRECATED_OBJC_IMPLEMENTATIONS = YES;
				CLANG_WARN_DIRECT_OBJC_ISA_USAGE = YES_ERROR;
				CLANG_WARN_DOCUMENTATION_COMMENTS = YES;
				CLANG_WARN_EMPTY_BODY = YES;
				CLANG_WARN_ENUM_CONVERSION = YES;
				CLANG_WARN_INFINITE_RECURSION = YES;
				CLANG_WARN_INT_CONVERSION = YES;
				CLANG_WARN_NON_LITERAL_NULL_CONVERSION = YES;
				CLANG_WARN_OBJC_IMPLICIT_RETAIN_SELF = YES;
				CLANG_WARN_OBJC_LITERAL_CONVERSION = YES;
				CLANG_WARN_OBJC_ROOT_CLASS = YES_ERROR;
				CLANG_WARN_QUOTED_INCLUDE_IN_FRAMEWORK_HEADER = YES;
				CLANG_WARN_RANGE_LOOP_ANALYSIS = YES;
				CLANG_WARN_STRICT_PROTOTYPES = YES;
				CLANG_WARN_SUSPICIOUS_MOVE = YES;
				CLANG_WARN_UNGUARDED_AVAILABILITY = YES_AGGRESSIVE;
				CLANG_WARN_UNREACHABLE_CODE = YES;
				CLANG_WARN__DUPLICATE_METHOD_MATCH = YES;
				COPY_PHASE_STRIP = NO;
				DEBUG_INFORMATION_FORMAT = dwarf;
				ENABLE_STRICT_OBJC_MSGSEND = YES;
				ENABLE_TESTABILITY = YES;
				GCC_C_LANGUAGE_STANDARD = gnu11;
				GCC_DYNAMIC_NO_PIC = NO;
				GCC_NO_COMMON_BLOCKS = YES;
				GCC_OPTIMIZATION_LEVEL = 0;
				GCC_PREPROCESSOR_DEFINITIONS = (
					"DEBUG=1",
					"$(inherited)",
				);
				GCC_WARN_64_TO_32_BIT_CONVERSION = YES;
				GCC_WARN_ABOUT_RETURN_TYPE = YES_ERROR;
				GCC_WARN_UNDECLARED_SELECTOR = YES;
				GCC_WARN_UNINITIALIZED_AUTOS = YES_AGGRESSIVE;
				GCC_WARN_UNUSED_FUNCTION = YES;
				GCC_WARN_UNUSED_VARIABLE = YES;
				IPHONEOS_DEPLOYMENT_TARGET = 15.4;
				MTL_ENABLE_DEBUG_INFO = INCLUDE_SOURCE;
				MTL_FAST_MATH = YES;
				ONLY_ACTIVE_ARCH = YES;
				SDKROOT = iphoneos;
				SWIFT_ACTIVE_COMPILATION_CONDITIONS = DEBUG;
				SWIFT_OPTIMIZATION_LEVEL = "-Onone";
			};
			name = Debug;
		};
		5F2BFE8F285B568600952C7E /* Release */ = {
			isa = XCBuildConfiguration;
			buildSettings = {
				ALWAYS_SEARCH_USER_PATHS = NO;
				CLANG_ANALYZER_NONNULL = YES;
				CLANG_ANALYZER_NUMBER_OBJECT_CONVERSION = YES_AGGRESSIVE;
				CLANG_CXX_LANGUAGE_STANDARD = "gnu++17";
				CLANG_ENABLE_MODULES = YES;
				CLANG_ENABLE_OBJC_ARC = YES;
				CLANG_ENABLE_OBJC_WEAK = YES;
				CLANG_WARN_BLOCK_CAPTURE_AUTORELEASING = YES;
				CLANG_WARN_BOOL_CONVERSION = YES;
				CLANG_WARN_COMMA = YES;
				CLANG_WARN_CONSTANT_CONVERSION = YES;
				CLANG_WARN_DEPRECATED_OBJC_IMPLEMENTATIONS = YES;
				CLANG_WARN_DIRECT_OBJC_ISA_USAGE = YES_ERROR;
				CLANG_WARN_DOCUMENTATION_COMMENTS = YES;
				CLANG_WARN_EMPTY_BODY = YES;
				CLANG_WARN_ENUM_CONVERSION = YES;
				CLANG_WARN_INFINITE_RECURSION = YES;
				CLANG_WARN_INT_CONVERSION = YES;
				CLANG_WARN_NON_LITERAL_NULL_CONVERSION = YES;
				CLANG_WARN_OBJC_IMPLICIT_RETAIN_SELF = YES;
				CLANG_WARN_OBJC_LITERAL_CONVERSION = YES;
				CLANG_WARN_OBJC_ROOT_CLASS = YES_ERROR;
				CLANG_WARN_QUOTED_INCLUDE_IN_FRAMEWORK_HEADER = YES;
				CLANG_WARN_RANGE_LOOP_ANALYSIS = YES;
				CLANG_WARN_STRICT_PROTOTYPES = YES;
				CLANG_WARN_SUSPICIOUS_MOVE = YES;
				CLANG_WARN_UNGUARDED_AVAILABILITY = YES_AGGRESSIVE;
				CLANG_WARN_UNREACHABLE_CODE = YES;
				CLANG_WARN__DUPLICATE_METHOD_MATCH = YES;
				COPY_PHASE_STRIP = NO;
				DEBUG_INFORMATION_FORMAT = "dwarf-with-dsym";
				ENABLE_NS_ASSERTIONS = NO;
				ENABLE_STRICT_OBJC_MSGSEND = YES;
				GCC_C_LANGUAGE_STANDARD = gnu11;
				GCC_NO_COMMON_BLOCKS = YES;
				GCC_WARN_64_TO_32_BIT_CONVERSION = YES;
				GCC_WARN_ABOUT_RETURN_TYPE = YES_ERROR;
				GCC_WARN_UNDECLARED_SELECTOR = YES;
				GCC_WARN_UNINITIALIZED_AUTOS = YES_AGGRESSIVE;
				GCC_WARN_UNUSED_FUNCTION = YES;
				GCC_WARN_UNUSED_VARIABLE = YES;
				IPHONEOS_DEPLOYMENT_TARGET = 15.4;
				MTL_ENABLE_DEBUG_INFO = NO;
				MTL_FAST_MATH = YES;
				SDKROOT = iphoneos;
				SWIFT_COMPILATION_MODE = wholemodule;
				SWIFT_OPTIMIZATION_LEVEL = "-O";
				VALIDATE_PRODUCT = YES;
			};
			name = Release;
		};
		5F2BFE91285B568600952C7E /* Debug */ = {
			isa = XCBuildConfiguration;
			buildSettings = {
				ASSETCATALOG_COMPILER_APPICON_NAME = AppIcon;
				ASSETCATALOG_COMPILER_GLOBAL_ACCENT_COLOR_NAME = AccentColor;
				CODE_SIGN_STYLE = Automatic;
				CURRENT_PROJECT_VERSION = 1;
				DEVELOPMENT_ASSET_PATHS = "\"IOS_Bankautomat/Preview Content\"";
				ENABLE_PREVIEWS = YES;
				GENERATE_INFOPLIST_FILE = YES;
				INFOPLIST_KEY_UIApplicationSceneManifest_Generation = YES;
				INFOPLIST_KEY_UIApplicationSupportsIndirectInputEvents = YES;
				INFOPLIST_KEY_UILaunchScreen_Generation = YES;
				INFOPLIST_KEY_UISupportedInterfaceOrientations_iPad = "UIInterfaceOrientationPortrait UIInterfaceOrientationPortraitUpsideDown UIInterfaceOrientationLandscapeLeft UIInterfaceOrientationLandscapeRight";
				INFOPLIST_KEY_UISupportedInterfaceOrientations_iPhone = "UIInterfaceOrientationPortrait UIInterfaceOrientationLandscapeLeft UIInterfaceOrientationLandscapeRight";
				LD_RUNPATH_SEARCH_PATHS = (
					"$(inherited)",
					"@executable_path/Frameworks",
				);
				MARKETING_VERSION = 1.0;
				PRODUCT_BUNDLE_IDENTIFIER = "-97032-911165.IOS-Bankautomat";
				PRODUCT_NAME = "$(TARGET_NAME)";
				SWIFT_EMIT_LOC_STRINGS = YES;
				SWIFT_VERSION = 5.0;
				TARGETED_DEVICE_FAMILY = "1,2";
			};
			name = Debug;
		};
		5F2BFE92285B568600952C7E /* Release */ = {
			isa = XCBuildConfiguration;
			buildSettings = {
				ASSETCATALOG_COMPILER_APPICON_NAME = AppIcon;
				ASSETCATALOG_COMPILER_GLOBAL_ACCENT_COLOR_NAME = AccentColor;
				CODE_SIGN_STYLE = Automatic;
				CURRENT_PROJECT_VERSION = 1;
				DEVELOPMENT_ASSET_PATHS = "\"IOS_Bankautomat/Preview Content\"";
				ENABLE_PREVIEWS = YES;
				GENERATE_INFOPLIST_FILE = YES;
				INFOPLIST_KEY_UIApplicationSceneManifest_Generation = YES;
				INFOPLIST_KEY_UIApplicationSupportsIndirectInputEvents = YES;
				INFOPLIST_KEY_UILaunchScreen_Generation = YES;
				INFOPLIST_KEY_UISupportedInterfaceOrientations_iPad = "UIInterfaceOrientationPortrait UIInterfaceOrientationPortraitUpsideDown UIInterfaceOrientationLandscapeLeft UIInterfaceOrientationLandscapeRight";
				INFOPLIST_KEY_UISupportedInterfaceOrientations_iPhone = "UIInterfaceOrientationPortrait UIInterfaceOrientationLandscapeLeft UIInterfaceOrientationLandscapeRight";
				LD_RUNPATH_SEARCH_PATHS = (
					"$(inherited)",
					"@executable_path/Frameworks",
				);
				MARKETING_VERSION = 1.0;
				PRODUCT_BUNDLE_IDENTIFIER = "-97032-911165.IOS-Bankautomat";
				PRODUCT_NAME = "$(TARGET_NAME)";
				SWIFT_EMIT_LOC_STRINGS = YES;
				SWIFT_VERSION = 5.0;
				TARGETED_DEVICE_FAMILY = "1,2";
			};
			name = Release;
		};
/* End XCBuildConfiguration section */

/* Begin XCConfigurationList section */
		5F2BFE78285B568400952C7E /* Build configuration list for PBXProject "IOS_Bankautomat" */ = {
			isa = XCConfigurationList;
			buildConfigurations = (
				5F2BFE8E285B568600952C7E /* Debug */,
				5F2BFE8F285B568600952C7E /* Release */,
			);
			defaultConfigurationIsVisible = 0;
			defaultConfigurationName = Release;
		};
		5F2BFE90285B568600952C7E /* Build configuration list for PBXNativeTarget "IOS_Bankautomat" */ = {
			isa = XCConfigurationList;
			buildConfigurations = (
				5F2BFE91285B568600952C7E /* Debug */,
				5F2BFE92285B568600952C7E /* Release */,
			);
			defaultConfigurationIsVisible = 0;
			defaultConfigurationName = Release;
		};
/* End XCConfigurationList section */

/* Begin XCVersionGroup section */
		5F2BFE8B285B568600952C7E /* IOS_Bankautomat.xcdatamodeld */ = {
			isa = XCVersionGroup;
			children = (
				5F2BFE8C285B568600952C7E /* IOS_Bankautomat.xcdatamodel */,
			);
			currentVersion = 5F2BFE8C285B568600952C7E /* IOS_Bankautomat.xcdatamodel */;
			path = IOS_Bankautomat.xcdatamodeld;
			sourceTree = "<group>";
			versionGroupType = wrapper.xcdatamodel;
		};
/* End XCVersionGroup section */
	};
	rootObject = 5F2BFE75285B568400952C7E /* Project object */;
}
